// !$*UTF8*$!
{
	archiveVersion = 1;
	classes = {
	};
	objectVersion = 46;
	objects = {

/* Begin PBXBuildFile section */
		0D0907BD1539978000162D44 /* arrow-small.png in Resources */ = {isa = PBXBuildFile; fileRef = 0D0907BB1539978000162D44 /* arrow-small.png */; };
		0D0907BE1539978000162D44 /* arrow-small@2x.png in Resources */ = {isa = PBXBuildFile; fileRef = 0D0907BC1539978000162D44 /* arrow-small@2x.png */; };
		0D4A325C15247B01004C515E /* UIKit.framework in Frameworks */ = {isa = PBXBuildFile; fileRef = 0D4A325B15247B01004C515E /* UIKit.framework */; };
		0D4A325E15247B01004C515E /* Foundation.framework in Frameworks */ = {isa = PBXBuildFile; fileRef = 0D4A325D15247B01004C515E /* Foundation.framework */; };
		0D4A326015247B01004C515E /* CoreGraphics.framework in Frameworks */ = {isa = PBXBuildFile; fileRef = 0D4A325F15247B01004C515E /* CoreGraphics.framework */; };
		0D4A326615247B01004C515E /* InfoPlist.strings in Resources */ = {isa = PBXBuildFile; fileRef = 0D4A326415247B01004C515E /* InfoPlist.strings */; };
		0D4A326815247B01004C515E /* main.m in Sources */ = {isa = PBXBuildFile; fileRef = 0D4A326715247B01004C515E /* main.m */; };
		0D4A326C15247B01004C515E /* EPDAppDelegate.m in Sources */ = {isa = PBXBuildFile; fileRef = 0D4A326B15247B01004C515E /* EPDAppDelegate.m */; };
		0D4A326F15247B01004C515E /* MainStoryboard.storyboard in Resources */ = {isa = PBXBuildFile; fileRef = 0D4A326D15247B01004C515E /* MainStoryboard.storyboard */; };
		0D4A327915247B01004C515E /* EPDMapViewController.m in Sources */ = {isa = PBXBuildFile; fileRef = 0D4A327815247B01004C515E /* EPDMapViewController.m */; };
		0D4A328615247D1D004C515E /* Icon.png in Resources */ = {isa = PBXBuildFile; fileRef = 0D4A328415247D1D004C515E /* Icon.png */; };
		0D4A328715247D1D004C515E /* Icon@2x.png in Resources */ = {isa = PBXBuildFile; fileRef = 0D4A328515247D1D004C515E /* Icon@2x.png */; };
		0D4A328B15248444004C515E /* bus.png in Resources */ = {isa = PBXBuildFile; fileRef = 0D4A328915248444004C515E /* bus.png */; };
		0D4A328C15248444004C515E /* bus@2x.png in Resources */ = {isa = PBXBuildFile; fileRef = 0D4A328A15248444004C515E /* bus@2x.png */; };
		0D4A328F15248486004C515E /* calendar.png in Resources */ = {isa = PBXBuildFile; fileRef = 0D4A328D15248486004C515E /* calendar.png */; };
		0D4A329015248486004C515E /* calendar@2x.png in Resources */ = {isa = PBXBuildFile; fileRef = 0D4A328E15248486004C515E /* calendar@2x.png */; };
		0D4A3293152484A2004C515E /* map.png in Resources */ = {isa = PBXBuildFile; fileRef = 0D4A3291152484A2004C515E /* map.png */; };
		0D4A3294152484A2004C515E /* map@2x.png in Resources */ = {isa = PBXBuildFile; fileRef = 0D4A3292152484A2004C515E /* map@2x.png */; };
		0D4A32AD15248635004C515E /* QuartzCore.framework in Frameworks */ = {isa = PBXBuildFile; fileRef = 0D4A32AC15248635004C515E /* QuartzCore.framework */; };
		0D4A32AF1524863A004C515E /* CoreLocation.framework in Frameworks */ = {isa = PBXBuildFile; fileRef = 0D4A32AE1524863A004C515E /* CoreLocation.framework */; };
		0D4A32B11524863F004C515E /* MapKit.framework in Frameworks */ = {isa = PBXBuildFile; fileRef = 0D4A32B01524863F004C515E /* MapKit.framework */; };
		0D7B59A3152E15A000DC8A31 /* EPDTimesViewController.m in Sources */ = {isa = PBXBuildFile; fileRef = 0D7B59A2152E15A000DC8A31 /* EPDTimesViewController.m */; };
		0D7F837A152CBD7F003C650E /* MessageUI.framework in Frameworks */ = {isa = PBXBuildFile; fileRef = 0D7F8379152CBD7F003C650E /* MessageUI.framework */; };
		0D7F837C152CBD84003C650E /* SystemConfiguration.framework in Frameworks */ = {isa = PBXBuildFile; fileRef = 0D7F837B152CBD84003C650E /* SystemConfiguration.framework */; };
		0D7F837E152CBDA8003C650E /* AudioToolbox.framework in Frameworks */ = {isa = PBXBuildFile; fileRef = 0D7F837D152CBDA8003C650E /* AudioToolbox.framework */; };
		0D7F8381152CC1A9003C650E /* map-white.png in Resources */ = {isa = PBXBuildFile; fileRef = 0D7F837F152CC1A9003C650E /* map-white.png */; };
		0D7F8382152CC1A9003C650E /* map-white@2x.png in Resources */ = {isa = PBXBuildFile; fileRef = 0D7F8380152CC1A9003C650E /* map-white@2x.png */; };
		0D7F8385152CC396003C650E /* EPDMetroStationCell.m in Sources */ = {isa = PBXBuildFile; fileRef = 0D7F8384152CC396003C650E /* EPDMetroStationCell.m */; };
		0D8776251525B32B000C7AB6 /* metro-annotation.png in Resources */ = {isa = PBXBuildFile; fileRef = 0D8776231525B32B000C7AB6 /* metro-annotation.png */; };
		0D8776261525B32B000C7AB6 /* metro-annotation@2x.png in Resources */ = {isa = PBXBuildFile; fileRef = 0D8776241525B32B000C7AB6 /* metro-annotation@2x.png */; };
		0D8936881525C8D200FB839B /* atrotissemisans.ttf in Resources */ = {isa = PBXBuildFile; fileRef = 0D8936871525C8CA00FB839B /* atrotissemisans.ttf */; };
		0D8936B41525CEC100FB839B /* location-arrow.png in Resources */ = {isa = PBXBuildFile; fileRef = 0D8936B21525CEC100FB839B /* location-arrow.png */; };
		0D8936B51525CEC100FB839B /* location-arrow@2x.png in Resources */ = {isa = PBXBuildFile; fileRef = 0D8936B31525CEC100FB839B /* location-arrow@2x.png */; };
		0DB9C54915248850006B337C /* CoreData.framework in Frameworks */ = {isa = PBXBuildFile; fileRef = 0DB9C54815248850006B337C /* CoreData.framework */; };
		0DB9C57515248CF2006B337C /* libFMDB_iOS.a in Frameworks */ = {isa = PBXBuildFile; fileRef = 0DB9C57215248CEA006B337C /* libFMDB_iOS.a */; };
		0DB9C57815248D31006B337C /* EPDObjectManager.m in Sources */ = {isa = PBXBuildFile; fileRef = 0DB9C57715248D31006B337C /* EPDObjectManager.m */; };
		0DB9C58415249E55006B337C /* libsqlite3.dylib in Frameworks */ = {isa = PBXBuildFile; fileRef = 0DB9C58315249E55006B337C /* libsqlite3.dylib */; };
		0DC9D47D1524A04400B855AD /* EPDStation.m in Sources */ = {isa = PBXBuildFile; fileRef = 0DC9D47C1524A04400B855AD /* EPDStation.m */; };
		0DC9D4A91524A8C600B855AD /* EPDTime.m in Sources */ = {isa = PBXBuildFile; fileRef = 0DC9D4A81524A8C600B855AD /* EPDTime.m */; };
		0DC9D4AC1524AA1E00B855AD /* EPDStationLocation.m in Sources */ = {isa = PBXBuildFile; fileRef = 0DC9D4AB1524AA1E00B855AD /* EPDStationLocation.m */; };
		0DC9D4AF1524B01200B855AD /* EPDMetroViewController.m in Sources */ = {isa = PBXBuildFile; fileRef = 0DC9D4AE1524B01200B855AD /* EPDMetroViewController.m */; };
		0DC9D4B71524B16600B855AD /* metro-bilbao@2x.png in Resources */ = {isa = PBXBuildFile; fileRef = 0DC9D4B51524B16600B855AD /* metro-bilbao@2x.png */; };
		0DC9D4B81524B16600B855AD /* metro-bilbao.png in Resources */ = {isa = PBXBuildFile; fileRef = 0DC9D4B61524B16600B855AD /* metro-bilbao.png */; };
		0DC9D4BB1524B43600B855AD /* EPDStationDetailViewController.m in Sources */ = {isa = PBXBuildFile; fileRef = 0DC9D4BA1524B43600B855AD /* EPDStationDetailViewController.m */; };
		0DC9D4BF1524C40900B855AD /* EPDTimePanelView.m in Sources */ = {isa = PBXBuildFile; fileRef = 0DC9D4BE1524C40900B855AD /* EPDTimePanelView.m */; };
		0DC9D4C71524EF3700B855AD /* myriadpro.ttf in Resources */ = {isa = PBXBuildFile; fileRef = 0DC9D4C01524C58F00B855AD /* myriadpro.ttf */; };
		0DC9D4CB1525091700B855AD /* metro-times.sqlite3 in Resources */ = {isa = PBXBuildFile; fileRef = 0DC9D4CA1525090E00B855AD /* metro-times.sqlite3 */; };
		0DC9D4CE1525093900B855AD /* EPDConnection.m in Sources */ = {isa = PBXBuildFile; fileRef = 0DC9D4CD1525093800B855AD /* EPDConnection.m */; };
		0DCAB78A1525BB3D00B5D386 /* libGoogleAdMobAds.a in Frameworks */ = {isa = PBXBuildFile; fileRef = 0DCAB7891525BB3D00B5D386 /* libGoogleAdMobAds.a */; };
		0DF53862152C77B50045DAE9 /* TapkuLibrary.bundle in Resources */ = {isa = PBXBuildFile; fileRef = 0DF53861152C77B50045DAE9 /* TapkuLibrary.bundle */; };
		0DF53863152C78190045DAE9 /* libTapkuLibrary.a in Frameworks */ = {isa = PBXBuildFile; fileRef = 0DF5385E152C77A80045DAE9 /* libTapkuLibrary.a */; };
		0DF53891152C78DF0045DAE9 /* EPDTimetableController.m in Sources */ = {isa = PBXBuildFile; fileRef = 0DF53890152C78DF0045DAE9 /* EPDTimetableController.m */; };
/* End PBXBuildFile section */

/* Begin PBXContainerItemProxy section */
		0DB9C55715248C5F006B337C /* PBXContainerItemProxy */ = {
			isa = PBXContainerItemProxy;
			containerPortal = 0DB9C54E15248C5F006B337C /* fmdb.xcodeproj */;
			proxyType = 2;
			remoteGlobalIDString = 8DD76FA10486AA7600D96B5E;
			remoteInfo = fmdb;
		};
		0DB9C55915248C5F006B337C /* PBXContainerItemProxy */ = {
			isa = PBXContainerItemProxy;
			containerPortal = 0DB9C54E15248C5F006B337C /* fmdb.xcodeproj */;
			proxyType = 2;
			remoteGlobalIDString = EE4290EF12B42F870088BD94;
			remoteInfo = FMDB;
		};
		0DB9C57115248CEA006B337C /* PBXContainerItemProxy */ = {
			isa = PBXContainerItemProxy;
			containerPortal = 0DB9C54E15248C5F006B337C /* fmdb.xcodeproj */;
			proxyType = 2;
			remoteGlobalIDString = 0DB9C56215248CE4006B337C;
			remoteInfo = FMDB_iOS;
		};
		0DB9C57315248CEE006B337C /* PBXContainerItemProxy */ = {
			isa = PBXContainerItemProxy;
			containerPortal = 0DB9C54E15248C5F006B337C /* fmdb.xcodeproj */;
			proxyType = 1;
			remoteGlobalIDString = 0DB9C56115248CE4006B337C;
			remoteInfo = FMDB_iOS;
		};
		0DF5385D152C77A80045DAE9 /* PBXContainerItemProxy */ = {
			isa = PBXContainerItemProxy;
			containerPortal = 0DF53855152C77A80045DAE9 /* TapkuLibrary.xcodeproj */;
			proxyType = 2;
			remoteGlobalIDString = D2AAC07E0554694100DB518D;
			remoteInfo = TapkuLibrary;
		};
		0DF5385F152C77A80045DAE9 /* PBXContainerItemProxy */ = {
			isa = PBXContainerItemProxy;
			containerPortal = 0DF53855152C77A80045DAE9 /* TapkuLibrary.xcodeproj */;
			proxyType = 2;
			remoteGlobalIDString = 3B45DDF1134C736600D24C1A;
			remoteInfo = LogicTests;
		};
		0DF53864152C781F0045DAE9 /* PBXContainerItemProxy */ = {
			isa = PBXContainerItemProxy;
			containerPortal = 0DF53855152C77A80045DAE9 /* TapkuLibrary.xcodeproj */;
			proxyType = 1;
			remoteGlobalIDString = D2AAC07D0554694100DB518D;
			remoteInfo = TapkuLibrary;
		};
/* End PBXContainerItemProxy section */

/* Begin PBXFileReference section */
		0D0907BB1539978000162D44 /* arrow-small.png */ = {isa = PBXFileReference; lastKnownFileType = image.png; path = "arrow-small.png"; sourceTree = "<group>"; };
		0D0907BC1539978000162D44 /* arrow-small@2x.png */ = {isa = PBXFileReference; lastKnownFileType = image.png; path = "arrow-small@2x.png"; sourceTree = "<group>"; };
		0D4A325715247B01004C515E /* NeverLate.app */ = {isa = PBXFileReference; explicitFileType = wrapper.application; includeInIndex = 0; path = NeverLate.app; sourceTree = BUILT_PRODUCTS_DIR; };
		0D4A325B15247B01004C515E /* UIKit.framework */ = {isa = PBXFileReference; lastKnownFileType = wrapper.framework; name = UIKit.framework; path = System/Library/Frameworks/UIKit.framework; sourceTree = SDKROOT; };
		0D4A325D15247B01004C515E /* Foundation.framework */ = {isa = PBXFileReference; lastKnownFileType = wrapper.framework; name = Foundation.framework; path = System/Library/Frameworks/Foundation.framework; sourceTree = SDKROOT; };
		0D4A325F15247B01004C515E /* CoreGraphics.framework */ = {isa = PBXFileReference; lastKnownFileType = wrapper.framework; name = CoreGraphics.framework; path = System/Library/Frameworks/CoreGraphics.framework; sourceTree = SDKROOT; };
		0D4A326315247B01004C515E /* NeverLate-Info.plist */ = {isa = PBXFileReference; lastKnownFileType = text.plist.xml; path = "NeverLate-Info.plist"; sourceTree = "<group>"; };
		0D4A326515247B01004C515E /* en */ = {isa = PBXFileReference; lastKnownFileType = text.plist.strings; name = en; path = en.lproj/InfoPlist.strings; sourceTree = "<group>"; };
		0D4A326715247B01004C515E /* main.m */ = {isa = PBXFileReference; lastKnownFileType = sourcecode.c.objc; path = main.m; sourceTree = "<group>"; };
		0D4A326915247B01004C515E /* NeverLate-Prefix.pch */ = {isa = PBXFileReference; lastKnownFileType = sourcecode.c.h; path = "NeverLate-Prefix.pch"; sourceTree = "<group>"; };
		0D4A326A15247B01004C515E /* EPDAppDelegate.h */ = {isa = PBXFileReference; lastKnownFileType = sourcecode.c.h; path = EPDAppDelegate.h; sourceTree = "<group>"; };
		0D4A326B15247B01004C515E /* EPDAppDelegate.m */ = {isa = PBXFileReference; lastKnownFileType = sourcecode.c.objc; path = EPDAppDelegate.m; sourceTree = "<group>"; };
		0D4A326E15247B01004C515E /* en */ = {isa = PBXFileReference; lastKnownFileType = file.storyboard; name = en; path = en.lproj/MainStoryboard.storyboard; sourceTree = "<group>"; };
		0D4A327715247B01004C515E /* EPDMapViewController.h */ = {isa = PBXFileReference; lastKnownFileType = sourcecode.c.h; path = EPDMapViewController.h; sourceTree = "<group>"; };
		0D4A327815247B01004C515E /* EPDMapViewController.m */ = {isa = PBXFileReference; lastKnownFileType = sourcecode.c.objc; path = EPDMapViewController.m; sourceTree = "<group>"; };
		0D4A328415247D1D004C515E /* Icon.png */ = {isa = PBXFileReference; lastKnownFileType = image.png; path = Icon.png; sourceTree = "<group>"; };
		0D4A328515247D1D004C515E /* Icon@2x.png */ = {isa = PBXFileReference; lastKnownFileType = image.png; path = "Icon@2x.png"; sourceTree = "<group>"; };
		0D4A328915248444004C515E /* bus.png */ = {isa = PBXFileReference; lastKnownFileType = image.png; path = bus.png; sourceTree = "<group>"; };
		0D4A328A15248444004C515E /* bus@2x.png */ = {isa = PBXFileReference; lastKnownFileType = image.png; path = "bus@2x.png"; sourceTree = "<group>"; };
		0D4A328D15248486004C515E /* calendar.png */ = {isa = PBXFileReference; lastKnownFileType = image.png; path = calendar.png; sourceTree = "<group>"; };
		0D4A328E15248486004C515E /* calendar@2x.png */ = {isa = PBXFileReference; lastKnownFileType = image.png; path = "calendar@2x.png"; sourceTree = "<group>"; };
		0D4A3291152484A2004C515E /* map.png */ = {isa = PBXFileReference; lastKnownFileType = image.png; path = map.png; sourceTree = "<group>"; };
		0D4A3292152484A2004C515E /* map@2x.png */ = {isa = PBXFileReference; lastKnownFileType = image.png; path = "map@2x.png"; sourceTree = "<group>"; };
		0D4A32AC15248635004C515E /* QuartzCore.framework */ = {isa = PBXFileReference; lastKnownFileType = wrapper.framework; name = QuartzCore.framework; path = System/Library/Frameworks/QuartzCore.framework; sourceTree = SDKROOT; };
		0D4A32AE1524863A004C515E /* CoreLocation.framework */ = {isa = PBXFileReference; lastKnownFileType = wrapper.framework; name = CoreLocation.framework; path = System/Library/Frameworks/CoreLocation.framework; sourceTree = SDKROOT; };
		0D4A32B01524863F004C515E /* MapKit.framework */ = {isa = PBXFileReference; lastKnownFileType = wrapper.framework; name = MapKit.framework; path = System/Library/Frameworks/MapKit.framework; sourceTree = SDKROOT; };
		0D7B59A1152E15A000DC8A31 /* EPDTimesViewController.h */ = {isa = PBXFileReference; fileEncoding = 4; lastKnownFileType = sourcecode.c.h; path = EPDTimesViewController.h; sourceTree = "<group>"; };
		0D7B59A2152E15A000DC8A31 /* EPDTimesViewController.m */ = {isa = PBXFileReference; fileEncoding = 4; lastKnownFileType = sourcecode.c.objc; path = EPDTimesViewController.m; sourceTree = "<group>"; };
		0D7F8379152CBD7F003C650E /* MessageUI.framework */ = {isa = PBXFileReference; lastKnownFileType = wrapper.framework; name = MessageUI.framework; path = System/Library/Frameworks/MessageUI.framework; sourceTree = SDKROOT; };
		0D7F837B152CBD84003C650E /* SystemConfiguration.framework */ = {isa = PBXFileReference; lastKnownFileType = wrapper.framework; name = SystemConfiguration.framework; path = System/Library/Frameworks/SystemConfiguration.framework; sourceTree = SDKROOT; };
		0D7F837D152CBDA8003C650E /* AudioToolbox.framework */ = {isa = PBXFileReference; lastKnownFileType = wrapper.framework; name = AudioToolbox.framework; path = System/Library/Frameworks/AudioToolbox.framework; sourceTree = SDKROOT; };
		0D7F837F152CC1A9003C650E /* map-white.png */ = {isa = PBXFileReference; lastKnownFileType = image.png; path = "map-white.png"; sourceTree = "<group>"; };
		0D7F8380152CC1A9003C650E /* map-white@2x.png */ = {isa = PBXFileReference; lastKnownFileType = image.png; path = "map-white@2x.png"; sourceTree = "<group>"; };
		0D7F8383152CC396003C650E /* EPDMetroStationCell.h */ = {isa = PBXFileReference; fileEncoding = 4; lastKnownFileType = sourcecode.c.h; path = EPDMetroStationCell.h; sourceTree = "<group>"; };
		0D7F8384152CC396003C650E /* EPDMetroStationCell.m */ = {isa = PBXFileReference; fileEncoding = 4; lastKnownFileType = sourcecode.c.objc; path = EPDMetroStationCell.m; sourceTree = "<group>"; };
		0D8776231525B32B000C7AB6 /* metro-annotation.png */ = {isa = PBXFileReference; lastKnownFileType = image.png; path = "metro-annotation.png"; sourceTree = "<group>"; };
		0D8776241525B32B000C7AB6 /* metro-annotation@2x.png */ = {isa = PBXFileReference; lastKnownFileType = image.png; path = "metro-annotation@2x.png"; sourceTree = "<group>"; };
		0D8936871525C8CA00FB839B /* atrotissemisans.ttf */ = {isa = PBXFileReference; lastKnownFileType = file; path = atrotissemisans.ttf; sourceTree = "<group>"; };
		0D8936B21525CEC100FB839B /* location-arrow.png */ = {isa = PBXFileReference; lastKnownFileType = image.png; path = "location-arrow.png"; sourceTree = "<group>"; };
		0D8936B31525CEC100FB839B /* location-arrow@2x.png */ = {isa = PBXFileReference; lastKnownFileType = image.png; path = "location-arrow@2x.png"; sourceTree = "<group>"; };
		0DB9C54815248850006B337C /* CoreData.framework */ = {isa = PBXFileReference; lastKnownFileType = wrapper.framework; name = CoreData.framework; path = System/Library/Frameworks/CoreData.framework; sourceTree = SDKROOT; };
		0DB9C54E15248C5F006B337C /* fmdb.xcodeproj */ = {isa = PBXFileReference; lastKnownFileType = "wrapper.pb-project"; name = fmdb.xcodeproj; path = fmdb/fmdb.xcodeproj; sourceTree = "<group>"; };
		0DB9C57615248D31006B337C /* EPDObjectManager.h */ = {isa = PBXFileReference; fileEncoding = 4; lastKnownFileType = sourcecode.c.h; path = EPDObjectManager.h; sourceTree = "<group>"; };
		0DB9C57715248D31006B337C /* EPDObjectManager.m */ = {isa = PBXFileReference; fileEncoding = 4; lastKnownFileType = sourcecode.c.objc; path = EPDObjectManager.m; sourceTree = "<group>"; };
		0DB9C58315249E55006B337C /* libsqlite3.dylib */ = {isa = PBXFileReference; lastKnownFileType = "compiled.mach-o.dylib"; name = libsqlite3.dylib; path = usr/lib/libsqlite3.dylib; sourceTree = SDKROOT; };
		0DC9D47B1524A04400B855AD /* EPDStation.h */ = {isa = PBXFileReference; fileEncoding = 4; lastKnownFileType = sourcecode.c.h; path = EPDStation.h; sourceTree = "<group>"; };
		0DC9D47C1524A04400B855AD /* EPDStation.m */ = {isa = PBXFileReference; fileEncoding = 4; lastKnownFileType = sourcecode.c.objc; path = EPDStation.m; sourceTree = "<group>"; };
		0DC9D4A71524A8C600B855AD /* EPDTime.h */ = {isa = PBXFileReference; fileEncoding = 4; lastKnownFileType = sourcecode.c.h; path = EPDTime.h; sourceTree = "<group>"; };
		0DC9D4A81524A8C600B855AD /* EPDTime.m */ = {isa = PBXFileReference; fileEncoding = 4; lastKnownFileType = sourcecode.c.objc; path = EPDTime.m; sourceTree = "<group>"; };
		0DC9D4AA1524AA1E00B855AD /* EPDStationLocation.h */ = {isa = PBXFileReference; fileEncoding = 4; lastKnownFileType = sourcecode.c.h; path = EPDStationLocation.h; sourceTree = "<group>"; };
		0DC9D4AB1524AA1E00B855AD /* EPDStationLocation.m */ = {isa = PBXFileReference; fileEncoding = 4; lastKnownFileType = sourcecode.c.objc; path = EPDStationLocation.m; sourceTree = "<group>"; };
		0DC9D4AD1524B01200B855AD /* EPDMetroViewController.h */ = {isa = PBXFileReference; fileEncoding = 4; lastKnownFileType = sourcecode.c.h; path = EPDMetroViewController.h; sourceTree = "<group>"; };
		0DC9D4AE1524B01200B855AD /* EPDMetroViewController.m */ = {isa = PBXFileReference; fileEncoding = 4; lastKnownFileType = sourcecode.c.objc; path = EPDMetroViewController.m; sourceTree = "<group>"; };
		0DC9D4B51524B16600B855AD /* metro-bilbao@2x.png */ = {isa = PBXFileReference; lastKnownFileType = image.png; path = "metro-bilbao@2x.png"; sourceTree = "<group>"; };
		0DC9D4B61524B16600B855AD /* metro-bilbao.png */ = {isa = PBXFileReference; lastKnownFileType = image.png; path = "metro-bilbao.png"; sourceTree = "<group>"; };
		0DC9D4B91524B43600B855AD /* EPDStationDetailViewController.h */ = {isa = PBXFileReference; fileEncoding = 4; lastKnownFileType = sourcecode.c.h; path = EPDStationDetailViewController.h; sourceTree = "<group>"; };
		0DC9D4BA1524B43600B855AD /* EPDStationDetailViewController.m */ = {isa = PBXFileReference; fileEncoding = 4; lastKnownFileType = sourcecode.c.objc; path = EPDStationDetailViewController.m; sourceTree = "<group>"; };
		0DC9D4BD1524C40900B855AD /* EPDTimePanelView.h */ = {isa = PBXFileReference; fileEncoding = 4; lastKnownFileType = sourcecode.c.h; path = EPDTimePanelView.h; sourceTree = "<group>"; };
		0DC9D4BE1524C40900B855AD /* EPDTimePanelView.m */ = {isa = PBXFileReference; fileEncoding = 4; lastKnownFileType = sourcecode.c.objc; path = EPDTimePanelView.m; sourceTree = "<group>"; };
		0DC9D4C01524C58F00B855AD /* myriadpro.ttf */ = {isa = PBXFileReference; lastKnownFileType = file; path = myriadpro.ttf; sourceTree = "<group>"; };
		0DC9D4CA1525090E00B855AD /* metro-times.sqlite3 */ = {isa = PBXFileReference; lastKnownFileType = file; path = "metro-times.sqlite3"; sourceTree = "<group>"; };
		0DC9D4CC1525093800B855AD /* EPDConnection.h */ = {isa = PBXFileReference; fileEncoding = 4; lastKnownFileType = sourcecode.c.h; path = EPDConnection.h; sourceTree = "<group>"; };
		0DC9D4CD1525093800B855AD /* EPDConnection.m */ = {isa = PBXFileReference; fileEncoding = 4; lastKnownFileType = sourcecode.c.objc; path = EPDConnection.m; sourceTree = "<group>"; };
		0DCAB7891525BB3D00B5D386 /* libGoogleAdMobAds.a */ = {isa = PBXFileReference; lastKnownFileType = archive.ar; path = libGoogleAdMobAds.a; sourceTree = "<group>"; };
		0DCAB78C1525BB5800B5D386 /* GADBannerView.h */ = {isa = PBXFileReference; lastKnownFileType = sourcecode.c.h; path = GADBannerView.h; sourceTree = "<group>"; };
		0DCAB78D1525BB5800B5D386 /* GADBannerViewDelegate.h */ = {isa = PBXFileReference; lastKnownFileType = sourcecode.c.h; path = GADBannerViewDelegate.h; sourceTree = "<group>"; };
		0DCAB78E1525BB5800B5D386 /* GADInterstitial.h */ = {isa = PBXFileReference; lastKnownFileType = sourcecode.c.h; path = GADInterstitial.h; sourceTree = "<group>"; };
		0DCAB78F1525BB5800B5D386 /* GADInterstitialDelegate.h */ = {isa = PBXFileReference; lastKnownFileType = sourcecode.c.h; path = GADInterstitialDelegate.h; sourceTree = "<group>"; };
		0DCAB7901525BB5800B5D386 /* GADRequest.h */ = {isa = PBXFileReference; lastKnownFileType = sourcecode.c.h; path = GADRequest.h; sourceTree = "<group>"; };
		0DCAB7911525BB5800B5D386 /* GADRequestError.h */ = {isa = PBXFileReference; lastKnownFileType = sourcecode.c.h; path = GADRequestError.h; sourceTree = "<group>"; };
		0DF53855152C77A80045DAE9 /* TapkuLibrary.xcodeproj */ = {isa = PBXFileReference; lastKnownFileType = "wrapper.pb-project"; name = TapkuLibrary.xcodeproj; path = tapkulibrary/src/TapkuLibrary.xcodeproj; sourceTree = "<group>"; };
		0DF53861152C77B50045DAE9 /* TapkuLibrary.bundle */ = {isa = PBXFileReference; lastKnownFileType = "wrapper.plug-in"; name = TapkuLibrary.bundle; path = tapkulibrary/src/TapkuLibrary.bundle; sourceTree = "<group>"; };
		0DF5388F152C78DF0045DAE9 /* EPDTimetableController.h */ = {isa = PBXFileReference; fileEncoding = 4; lastKnownFileType = sourcecode.c.h; path = EPDTimetableController.h; sourceTree = "<group>"; };
		0DF53890152C78DF0045DAE9 /* EPDTimetableController.m */ = {isa = PBXFileReference; fileEncoding = 4; lastKnownFileType = sourcecode.c.objc; path = EPDTimetableController.m; sourceTree = "<group>"; };
/* End PBXFileReference section */

/* Begin PBXFrameworksBuildPhase section */
		0D4A325415247B01004C515E /* Frameworks */ = {
			isa = PBXFrameworksBuildPhase;
			buildActionMask = 2147483647;
			files = (
				0D7F837E152CBDA8003C650E /* AudioToolbox.framework in Frameworks */,
				0D7F837C152CBD84003C650E /* SystemConfiguration.framework in Frameworks */,
				0D7F837A152CBD7F003C650E /* MessageUI.framework in Frameworks */,
				0DF53863152C78190045DAE9 /* libTapkuLibrary.a in Frameworks */,
				0DB9C58415249E55006B337C /* libsqlite3.dylib in Frameworks */,
				0DB9C57515248CF2006B337C /* libFMDB_iOS.a in Frameworks */,
				0DB9C54915248850006B337C /* CoreData.framework in Frameworks */,
				0D4A32B11524863F004C515E /* MapKit.framework in Frameworks */,
				0D4A32AF1524863A004C515E /* CoreLocation.framework in Frameworks */,
				0D4A32AD15248635004C515E /* QuartzCore.framework in Frameworks */,
				0D4A325C15247B01004C515E /* UIKit.framework in Frameworks */,
				0D4A325E15247B01004C515E /* Foundation.framework in Frameworks */,
				0D4A326015247B01004C515E /* CoreGraphics.framework in Frameworks */,
				0DCAB78A1525BB3D00B5D386 /* libGoogleAdMobAds.a in Frameworks */,
			);
			runOnlyForDeploymentPostprocessing = 0;
		};
/* End PBXFrameworksBuildPhase section */

/* Begin PBXGroup section */
		0D4A324C15247B01004C515E = {
			isa = PBXGroup;
			children = (
				0D4A328315247B08004C515E /* Assets */,
				0D4A326115247B01004C515E /* NeverLate */,
				0D4A325A15247B01004C515E /* Frameworks */,
				0D4A325815247B01004C515E /* Products */,
			);
			sourceTree = "<group>";
		};
		0D4A325815247B01004C515E /* Products */ = {
			isa = PBXGroup;
			children = (
				0D4A325715247B01004C515E /* NeverLate.app */,
			);
			name = Products;
			sourceTree = "<group>";
		};
		0D4A325A15247B01004C515E /* Frameworks */ = {
			isa = PBXGroup;
			children = (
				0DB9C54E15248C5F006B337C /* fmdb.xcodeproj */,
				0DF53855152C77A80045DAE9 /* TapkuLibrary.xcodeproj */,
				0DCAB7891525BB3D00B5D386 /* libGoogleAdMobAds.a */,
				0DB9C58315249E55006B337C /* libsqlite3.dylib */,
				0D7F837D152CBDA8003C650E /* AudioToolbox.framework */,
				0D7F8379152CBD7F003C650E /* MessageUI.framework */,
				0D7F837B152CBD84003C650E /* SystemConfiguration.framework */,
				0DB9C54815248850006B337C /* CoreData.framework */,
				0D4A32B01524863F004C515E /* MapKit.framework */,
				0D4A32AE1524863A004C515E /* CoreLocation.framework */,
				0D4A32AC15248635004C515E /* QuartzCore.framework */,
				0D4A325B15247B01004C515E /* UIKit.framework */,
				0D4A325D15247B01004C515E /* Foundation.framework */,
				0D4A325F15247B01004C515E /* CoreGraphics.framework */,
			);
			name = Frameworks;
			sourceTree = "<group>";
		};
		0D4A326115247B01004C515E /* NeverLate */ = {
			isa = PBXGroup;
			children = (
				0DCAB78B1525BB4700B5D386 /* GoogleAdsMob */,
				0DC9D4BC1524C3D800B855AD /* Views */,
				0DC9D4B01524B01800B855AD /* Controllers */,
				0DC9D47A1524A02700B855AD /* Models */,
				0D4A326A15247B01004C515E /* EPDAppDelegate.h */,
				0D4A326B15247B01004C515E /* EPDAppDelegate.m */,
				0D4A326215247B01004C515E /* Supporting Files */,
			);
			path = NeverLate;
			sourceTree = "<group>";
		};
		0D4A326215247B01004C515E /* Supporting Files */ = {
			isa = PBXGroup;
			children = (
				0D4A326315247B01004C515E /* NeverLate-Info.plist */,
				0D4A326415247B01004C515E /* InfoPlist.strings */,
				0D4A326715247B01004C515E /* main.m */,
				0D4A326915247B01004C515E /* NeverLate-Prefix.pch */,
			);
			name = "Supporting Files";
			sourceTree = "<group>";
		};
		0D4A328315247B08004C515E /* Assets */ = {
			isa = PBXGroup;
			children = (
				0DC9D4CA1525090E00B855AD /* metro-times.sqlite3 */,
				0D4A326D15247B01004C515E /* MainStoryboard.storyboard */,
				0DC9D4C01524C58F00B855AD /* myriadpro.ttf */,
				0D8936871525C8CA00FB839B /* atrotissemisans.ttf */,
				0DF53861152C77B50045DAE9 /* TapkuLibrary.bundle */,
				0D4A328415247D1D004C515E /* Icon.png */,
				0D4A328515247D1D004C515E /* Icon@2x.png */,
				0D4A328915248444004C515E /* bus.png */,
				0D4A328A15248444004C515E /* bus@2x.png */,
				0D4A328D15248486004C515E /* calendar.png */,
				0D4A328E15248486004C515E /* calendar@2x.png */,
				0D4A3291152484A2004C515E /* map.png */,
				0D4A3292152484A2004C515E /* map@2x.png */,
				0D7F837F152CC1A9003C650E /* map-white.png */,
				0D7F8380152CC1A9003C650E /* map-white@2x.png */,
				0DC9D4B51524B16600B855AD /* metro-bilbao@2x.png */,
				0DC9D4B61524B16600B855AD /* metro-bilbao.png */,
				0D8776231525B32B000C7AB6 /* metro-annotation.png */,
				0D8776241525B32B000C7AB6 /* metro-annotation@2x.png */,
				0D0907BB1539978000162D44 /* arrow-small.png */,
				0D0907BC1539978000162D44 /* arrow-small@2x.png */,
				0D8936B21525CEC100FB839B /* location-arrow.png */,
				0D8936B31525CEC100FB839B /* location-arrow@2x.png */,
			);
			name = Assets;
			sourceTree = "<group>";
		};
		0DB9C54F15248C5F006B337C /* Products */ = {
			isa = PBXGroup;
			children = (
				0DB9C55815248C5F006B337C /* fmdb */,
				0DB9C55A15248C5F006B337C /* libFMDB.a */,
				0DB9C57215248CEA006B337C /* libFMDB_iOS.a */,
			);
			name = Products;
			sourceTree = "<group>";
		};
		0DC9D47A1524A02700B855AD /* Models */ = {
			isa = PBXGroup;
			children = (
				0DB9C57615248D31006B337C /* EPDObjectManager.h */,
				0DB9C57715248D31006B337C /* EPDObjectManager.m */,
				0DC9D47B1524A04400B855AD /* EPDStation.h */,
				0DC9D47C1524A04400B855AD /* EPDStation.m */,
				0DC9D4A71524A8C600B855AD /* EPDTime.h */,
				0DC9D4A81524A8C600B855AD /* EPDTime.m */,
				0DC9D4AA1524AA1E00B855AD /* EPDStationLocation.h */,
				0DC9D4AB1524AA1E00B855AD /* EPDStationLocation.m */,
				0DC9D4CC1525093800B855AD /* EPDConnection.h */,
				0DC9D4CD1525093800B855AD /* EPDConnection.m */,
			);
			name = Models;
			sourceTree = "<group>";
		};
		0DC9D4B01524B01800B855AD /* Controllers */ = {
			isa = PBXGroup;
			children = (
				0DC9D4AD1524B01200B855AD /* EPDMetroViewController.h */,
				0DC9D4AE1524B01200B855AD /* EPDMetroViewController.m */,
				0DC9D4B91524B43600B855AD /* EPDStationDetailViewController.h */,
				0DC9D4BA1524B43600B855AD /* EPDStationDetailViewController.m */,
				0DF5388F152C78DF0045DAE9 /* EPDTimetableController.h */,
				0DF53890152C78DF0045DAE9 /* EPDTimetableController.m */,
				0D7B59A1152E15A000DC8A31 /* EPDTimesViewController.h */,
				0D7B59A2152E15A000DC8A31 /* EPDTimesViewController.m */,
				0D4A327715247B01004C515E /* EPDMapViewController.h */,
				0D4A327815247B01004C515E /* EPDMapViewController.m */,
			);
			name = Controllers;
			sourceTree = "<group>";
		};
		0DC9D4BC1524C3D800B855AD /* Views */ = {
			isa = PBXGroup;
			children = (
				0DC9D4BD1524C40900B855AD /* EPDTimePanelView.h */,
				0DC9D4BE1524C40900B855AD /* EPDTimePanelView.m */,
				0D7F8383152CC396003C650E /* EPDMetroStationCell.h */,
				0D7F8384152CC396003C650E /* EPDMetroStationCell.m */,
			);
			name = Views;
			sourceTree = "<group>";
		};
		0DCAB78B1525BB4700B5D386 /* GoogleAdsMob */ = {
			isa = PBXGroup;
			children = (
				0DCAB78C1525BB5800B5D386 /* GADBannerView.h */,
				0DCAB78D1525BB5800B5D386 /* GADBannerViewDelegate.h */,
				0DCAB78E1525BB5800B5D386 /* GADInterstitial.h */,
				0DCAB78F1525BB5800B5D386 /* GADInterstitialDelegate.h */,
				0DCAB7901525BB5800B5D386 /* GADRequest.h */,
				0DCAB7911525BB5800B5D386 /* GADRequestError.h */,
			);
			name = GoogleAdsMob;
			sourceTree = "<group>";
		};
		0DF53856152C77A80045DAE9 /* Products */ = {
			isa = PBXGroup;
			children = (
				0DF5385E152C77A80045DAE9 /* libTapkuLibrary.a */,
				0DF53860152C77A80045DAE9 /* LogicTests.octest */,
			);
			name = Products;
			sourceTree = "<group>";
		};
/* End PBXGroup section */

/* Begin PBXNativeTarget section */
		0D4A325615247B01004C515E /* NeverLate */ = {
			isa = PBXNativeTarget;
			buildConfigurationList = 0D4A328015247B01004C515E /* Build configuration list for PBXNativeTarget "NeverLate" */;
			buildPhases = (
				0D4A325315247B01004C515E /* Sources */,
				0D4A325415247B01004C515E /* Frameworks */,
				0D4A325515247B01004C515E /* Resources */,
			);
			buildRules = (
			);
			dependencies = (
				0DF53865152C781F0045DAE9 /* PBXTargetDependency */,
				0DB9C57415248CEE006B337C /* PBXTargetDependency */,
			);
			name = NeverLate;
			productName = NeverLate;
			productReference = 0D4A325715247B01004C515E /* NeverLate.app */;
			productType = "com.apple.product-type.application";
		};
/* End PBXNativeTarget section */

/* Begin PBXProject section */
		0D4A324E15247B01004C515E /* Project object */ = {
			isa = PBXProject;
			attributes = {
				CLASSPREFIX = EPD;
				LastUpgradeCheck = 0430;
				ORGANIZATIONNAME = EPD;
			};
			buildConfigurationList = 0D4A325115247B01004C515E /* Build configuration list for PBXProject "NeverLate" */;
			compatibilityVersion = "Xcode 3.2";
			developmentRegion = English;
			hasScannedForEncodings = 0;
			knownRegions = (
				en,
			);
			mainGroup = 0D4A324C15247B01004C515E;
			productRefGroup = 0D4A325815247B01004C515E /* Products */;
			projectDirPath = "";
			projectReferences = (
				{
					ProductGroup = 0DB9C54F15248C5F006B337C /* Products */;
					ProjectRef = 0DB9C54E15248C5F006B337C /* fmdb.xcodeproj */;
				},
				{
					ProductGroup = 0DF53856152C77A80045DAE9 /* Products */;
					ProjectRef = 0DF53855152C77A80045DAE9 /* TapkuLibrary.xcodeproj */;
				},
			);
			projectRoot = "";
			targets = (
				0D4A325615247B01004C515E /* NeverLate */,
			);
		};
/* End PBXProject section */

/* Begin PBXReferenceProxy section */
		0DB9C55815248C5F006B337C /* fmdb */ = {
			isa = PBXReferenceProxy;
			fileType = "compiled.mach-o.executable";
			path = fmdb;
			remoteRef = 0DB9C55715248C5F006B337C /* PBXContainerItemProxy */;
			sourceTree = BUILT_PRODUCTS_DIR;
		};
		0DB9C55A15248C5F006B337C /* libFMDB.a */ = {
			isa = PBXReferenceProxy;
			fileType = archive.ar;
			path = libFMDB.a;
			remoteRef = 0DB9C55915248C5F006B337C /* PBXContainerItemProxy */;
			sourceTree = BUILT_PRODUCTS_DIR;
		};
		0DB9C57215248CEA006B337C /* libFMDB_iOS.a */ = {
			isa = PBXReferenceProxy;
			fileType = archive.ar;
			path = libFMDB_iOS.a;
			remoteRef = 0DB9C57115248CEA006B337C /* PBXContainerItemProxy */;
			sourceTree = BUILT_PRODUCTS_DIR;
		};
		0DF5385E152C77A80045DAE9 /* libTapkuLibrary.a */ = {
			isa = PBXReferenceProxy;
			fileType = archive.ar;
			path = libTapkuLibrary.a;
			remoteRef = 0DF5385D152C77A80045DAE9 /* PBXContainerItemProxy */;
			sourceTree = BUILT_PRODUCTS_DIR;
		};
		0DF53860152C77A80045DAE9 /* LogicTests.octest */ = {
			isa = PBXReferenceProxy;
			fileType = wrapper.cfbundle;
			path = LogicTests.octest;
			remoteRef = 0DF5385F152C77A80045DAE9 /* PBXContainerItemProxy */;
			sourceTree = BUILT_PRODUCTS_DIR;
		};
/* End PBXReferenceProxy section */

/* Begin PBXResourcesBuildPhase section */
		0D4A325515247B01004C515E /* Resources */ = {
			isa = PBXResourcesBuildPhase;
			buildActionMask = 2147483647;
			files = (
				0D8936881525C8D200FB839B /* atrotissemisans.ttf in Resources */,
				0DC9D4CB1525091700B855AD /* metro-times.sqlite3 in Resources */,
				0DC9D4C71524EF3700B855AD /* myriadpro.ttf in Resources */,
				0D4A326615247B01004C515E /* InfoPlist.strings in Resources */,
				0D4A326F15247B01004C515E /* MainStoryboard.storyboard in Resources */,
				0D4A328615247D1D004C515E /* Icon.png in Resources */,
				0D4A328715247D1D004C515E /* Icon@2x.png in Resources */,
				0D4A328B15248444004C515E /* bus.png in Resources */,
				0D4A328C15248444004C515E /* bus@2x.png in Resources */,
				0D4A328F15248486004C515E /* calendar.png in Resources */,
				0D4A329015248486004C515E /* calendar@2x.png in Resources */,
				0D4A3293152484A2004C515E /* map.png in Resources */,
				0D4A3294152484A2004C515E /* map@2x.png in Resources */,
				0DC9D4B71524B16600B855AD /* metro-bilbao@2x.png in Resources */,
				0DC9D4B81524B16600B855AD /* metro-bilbao.png in Resources */,
				0D8776251525B32B000C7AB6 /* metro-annotation.png in Resources */,
				0D8776261525B32B000C7AB6 /* metro-annotation@2x.png in Resources */,
				0D8936B41525CEC100FB839B /* location-arrow.png in Resources */,
				0D8936B51525CEC100FB839B /* location-arrow@2x.png in Resources */,
				0DF53862152C77B50045DAE9 /* TapkuLibrary.bundle in Resources */,
				0D7F8381152CC1A9003C650E /* map-white.png in Resources */,
				0D7F8382152CC1A9003C650E /* map-white@2x.png in Resources */,
				0D0907BD1539978000162D44 /* arrow-small.png in Resources */,
				0D0907BE1539978000162D44 /* arrow-small@2x.png in Resources */,
			);
			runOnlyForDeploymentPostprocessing = 0;
		};
/* End PBXResourcesBuildPhase section */

/* Begin PBXSourcesBuildPhase section */
		0D4A325315247B01004C515E /* Sources */ = {
			isa = PBXSourcesBuildPhase;
			buildActionMask = 2147483647;
			files = (
				0D4A326815247B01004C515E /* main.m in Sources */,
				0D4A326C15247B01004C515E /* EPDAppDelegate.m in Sources */,
				0D4A327915247B01004C515E /* EPDMapViewController.m in Sources */,
				0DB9C57815248D31006B337C /* EPDObjectManager.m in Sources */,
				0DC9D47D1524A04400B855AD /* EPDStation.m in Sources */,
				0DC9D4A91524A8C600B855AD /* EPDTime.m in Sources */,
				0DC9D4AC1524AA1E00B855AD /* EPDStationLocation.m in Sources */,
				0DC9D4AF1524B01200B855AD /* EPDMetroViewController.m in Sources */,
				0DC9D4BB1524B43600B855AD /* EPDStationDetailViewController.m in Sources */,
				0DC9D4BF1524C40900B855AD /* EPDTimePanelView.m in Sources */,
				0DC9D4CE1525093900B855AD /* EPDConnection.m in Sources */,
				0DF53891152C78DF0045DAE9 /* EPDTimetableController.m in Sources */,
				0D7F8385152CC396003C650E /* EPDMetroStationCell.m in Sources */,
				0D7B59A3152E15A000DC8A31 /* EPDTimesViewController.m in Sources */,
			);
			runOnlyForDeploymentPostprocessing = 0;
		};
/* End PBXSourcesBuildPhase section */

/* Begin PBXTargetDependency section */
		0DB9C57415248CEE006B337C /* PBXTargetDependency */ = {
			isa = PBXTargetDependency;
			name = FMDB_iOS;
			targetProxy = 0DB9C57315248CEE006B337C /* PBXContainerItemProxy */;
		};
		0DF53865152C781F0045DAE9 /* PBXTargetDependency */ = {
			isa = PBXTargetDependency;
			name = TapkuLibrary;
			targetProxy = 0DF53864152C781F0045DAE9 /* PBXContainerItemProxy */;
		};
/* End PBXTargetDependency section */

/* Begin PBXVariantGroup section */
		0D4A326415247B01004C515E /* InfoPlist.strings */ = {
			isa = PBXVariantGroup;
			children = (
				0D4A326515247B01004C515E /* en */,
			);
			name = InfoPlist.strings;
			sourceTree = "<group>";
		};
		0D4A326D15247B01004C515E /* MainStoryboard.storyboard */ = {
			isa = PBXVariantGroup;
			children = (
				0D4A326E15247B01004C515E /* en */,
			);
			name = MainStoryboard.storyboard;
			path = NeverLate;
			sourceTree = "<group>";
		};
/* End PBXVariantGroup section */

/* Begin XCBuildConfiguration section */
		0D4A327E15247B01004C515E /* Debug */ = {
			isa = XCBuildConfiguration;
			buildSettings = {
				ALWAYS_SEARCH_USER_PATHS = NO;
				ARCHS = "$(ARCHS_STANDARD_32_BIT)";
				CLANG_ENABLE_OBJC_ARC = YES;
				"CODE_SIGN_IDENTITY[sdk=iphoneos*]" = "iPhone Developer";
				COPY_PHASE_STRIP = NO;
				GCC_C_LANGUAGE_STANDARD = gnu99;
				GCC_DYNAMIC_NO_PIC = NO;
				GCC_OPTIMIZATION_LEVEL = 0;
				GCC_PREPROCESSOR_DEFINITIONS = (
					"DEBUG=1",
					"$(inherited)",
				);
				GCC_SYMBOLS_PRIVATE_EXTERN = NO;
				GCC_VERSION = com.apple.compilers.llvm.clang.1_0;
				GCC_WARN_ABOUT_RETURN_TYPE = YES;
				GCC_WARN_UNINITIALIZED_AUTOS = YES;
				GCC_WARN_UNUSED_VARIABLE = YES;
				IPHONEOS_DEPLOYMENT_TARGET = 5.1;
				SDKROOT = iphoneos;
			};
			name = Debug;
		};
		0D4A327F15247B01004C515E /* Release */ = {
			isa = XCBuildConfiguration;
			buildSettings = {
				ALWAYS_SEARCH_USER_PATHS = NO;
				ARCHS = "$(ARCHS_STANDARD_32_BIT)";
				CLANG_ENABLE_OBJC_ARC = YES;
				"CODE_SIGN_IDENTITY[sdk=iphoneos*]" = "iPhone Developer";
				COPY_PHASE_STRIP = YES;
				GCC_C_LANGUAGE_STANDARD = gnu99;
				GCC_VERSION = com.apple.compilers.llvm.clang.1_0;
				GCC_WARN_ABOUT_RETURN_TYPE = YES;
				GCC_WARN_UNINITIALIZED_AUTOS = YES;
				GCC_WARN_UNUSED_VARIABLE = YES;
				IPHONEOS_DEPLOYMENT_TARGET = 5.1;
				OTHER_CFLAGS = "-DNS_BLOCK_ASSERTIONS=1";
				SDKROOT = iphoneos;
				VALIDATE_PRODUCT = YES;
			};
			name = Release;
		};
		0D4A328115247B01004C515E /* Debug */ = {
			isa = XCBuildConfiguration;
			buildSettings = {
				GCC_PRECOMPILE_PREFIX_HEADER = YES;
				GCC_PREFIX_HEADER = "NeverLate/NeverLate-Prefix.pch";
				HEADER_SEARCH_PATHS = (
					"fmdb/src/**",
					tapkulibrary/src,
				);
				INFOPLIST_FILE = "NeverLate/NeverLate-Info.plist";
				IPHONEOS_DEPLOYMENT_TARGET = 5.0;
				LIBRARY_SEARCH_PATHS = (
					"$(inherited)",
					"\"$(SRCROOT)\"",
				);
				OTHER_LDFLAGS = (
					"-all_load",
					"-ObjC",
				);
				PRODUCT_NAME = "$(TARGET_NAME)";
				WRAPPER_EXTENSION = app;
			};
			name = Debug;
		};
		0D4A328215247B01004C515E /* Release */ = {
			isa = XCBuildConfiguration;
			buildSettings = {
				GCC_PRECOMPILE_PREFIX_HEADER = YES;
				GCC_PREFIX_HEADER = "NeverLate/NeverLate-Prefix.pch";
				HEADER_SEARCH_PATHS = (
					"fmdb/src/**",
					tapkulibrary/src,
				);
				INFOPLIST_FILE = "NeverLate/NeverLate-Info.plist";
				IPHONEOS_DEPLOYMENT_TARGET = 5.0;
				LIBRARY_SEARCH_PATHS = (
					"$(inherited)",
					"\"$(SRCROOT)\"",
				);
				OTHER_LDFLAGS = (
					"-all_load",
					"-ObjC",
				);
				PRODUCT_NAME = "$(TARGET_NAME)";
				WRAPPER_EXTENSION = app;
			};
			name = Release;
		};
/* End XCBuildConfiguration section */

/* Begin XCConfigurationList section */
		0D4A325115247B01004C515E /* Build configuration list for PBXProject "NeverLate" */ = {
			isa = XCConfigurationList;
			buildConfigurations = (
				0D4A327E15247B01004C515E /* Debug */,
				0D4A327F15247B01004C515E /* Release */,
			);
			defaultConfigurationIsVisible = 0;
			defaultConfigurationName = Release;
		};
		0D4A328015247B01004C515E /* Build configuration list for PBXNativeTarget "NeverLate" */ = {
			isa = XCConfigurationList;
			buildConfigurations = (
				0D4A328115247B01004C515E /* Debug */,
				0D4A328215247B01004C515E /* Release */,
			);
			defaultConfigurationIsVisible = 0;
			defaultConfigurationName = Release;
		};
/* End XCConfigurationList section */
	};
	rootObject = 0D4A324E15247B01004C515E /* Project object */;
}
